
Microsoft Visual Studio Solution File, Format Version 12.00
# Visual Studio Version 16
VisualStudioVersion = 16.0.30517.126
MinimumVisualStudioVersion = 10.0.40219.1
Project("{FAE04EC0-301F-11D3-BF4B-00C04F79EFBC}") = "Kosherpickle1", "Kosherpickle1\Kosherpickle1.csproj", "{3C29D55D-FD8E-4C81-86C3-70631F43885F}"
EndProject
Global
	GlobalSection(SolutionConfigurationPlatforms) = preSolution
		Debug|Any CPU = Debug|Any CPU
		Release|Any CPU = Release|Any CPU
	EndGlobalSection
	GlobalSection(ProjectConfigurationPlatforms) = postSolution
		{3C29D55D-FD8E-4C81-86C3-70631F43885F}.Debug|Any CPU.ActiveCfg = Debug|Any CPU
		{3C29D55D-FD8E-4C81-86C3-70631F43885F}.Debug|Any CPU.Build.0 = Debug|Any CPU
		{3C29D55D-FD8E-4C81-86C3-70631F43885F}.Release|Any CPU.ActiveCfg = Release|Any CPU
		{3C29D55D-FD8E-4C81-86C3-70631F43885F}.Release|Any CPU.Build.0 = Release|Any CPU
	EndGlobalSection
	GlobalSection(SolutionProperties) = preSolution
		HideSolutionNode = FALSE
	EndGlobalSection
	GlobalSection(ExtensibilityGlobals) = postSolution
		SolutionGuid = {85FB0DEE-DE1F-4E1B-A7DB-02E479C02DFB}
	EndGlobalSection
EndGlobal
